
Microsoft Visual Studio Solution File, Format Version 12.00
# Visual Studio Version 17
VisualStudioVersion = 17.3.32929.385
MinimumVisualStudioVersion = 10.0.40219.1
Project("{FAE04EC0-301F-11D3-BF4B-00C04F79EFBC}") = "O2SmsCli", "O2SmsCli\O2SmsCli.csproj", "{A2A2B17D-1924-4EB9-9509-6001CEAB0372}"
EndProject
Project("{2150E333-8FDC-42A3-9474-1A3956D46DE8}") = "Solution Items", "Solution Items", "{69E434C3-B32A-415E-9A32-19DE3D7939B3}"
	ProjectSection(SolutionItems) = preProject
		.editorconfig = .editorconfig
	EndProjectSection
EndProject
Global
	GlobalSection(SolutionConfigurationPlatforms) = preSolution
		Debug|Any CPU = Debug|Any CPU
		Release|Any CPU = Release|Any CPU
	EndGlobalSection
	GlobalSection(ProjectConfigurationPlatforms) = postSolution
		{A2A2B17D-1924-4EB9-9509-6001CEAB0372}.Debug|Any CPU.ActiveCfg = Debug|Any CPU
		{A2A2B17D-1924-4EB9-9509-6001CEAB0372}.Debug|Any CPU.Build.0 = Debug|Any CPU
		{A2A2B17D-1924-4EB9-9509-6001CEAB0372}.Release|Any CPU.ActiveCfg = Release|Any CPU
		{A2A2B17D-1924-4EB9-9509-6001CEAB0372}.Release|Any CPU.Build.0 = Release|Any CPU
	EndGlobalSection
	GlobalSection(SolutionProperties) = preSolution
		HideSolutionNode = FALSE
	EndGlobalSection
	GlobalSection(ExtensibilityGlobals) = postSolution
		SolutionGuid = {28854605-A2CD-41DE-A353-A43BE3146BEB}
	EndGlobalSection
EndGlobal
